
Microsoft Visual Studio Solution File, Format Version 10.00
# Visual Studio 2008
Project("{8BC9CEB8-8B4A-11D0-8D11-00A0C91BC942}") = "MiniVT", "MiniVT.vcproj", "{F9CA1D86-BECB-4310-B9B7-69E280250676}"
EndProject
Global
	GlobalSection(SolutionConfigurationPlatforms) = preSolution
		Debug|Win32 = Debug|Win32
		Release|Win32 = Release|Win32
	EndGlobalSection
	GlobalSection(ProjectConfigurationPlatforms) = postSolution
		{F9CA1D86-BECB-4310-B9B7-69E280250676}.Debug|Win32.ActiveCfg = Debug|Win32
		{F9CA1D86-BECB-4310-B9B7-69E280250676}.Debug|Win32.Build.0 = Debug|Win32
		{F9CA1D86-BECB-4310-B9B7-69E280250676}.Release|Win32.ActiveCfg = Release|Win32
		{F9CA1D86-BECB-4310-B9B7-69E280250676}.Release|Win32.Build.0 = Release|Win32
	EndGlobalSection
	GlobalSection(SolutionProperties) = preSolution
		HideSolutionNode = FALSE
	EndGlobalSection
EndGlobal
